// !$*UTF8*$!
{
	archiveVersion = 1;
	classes = {
	};
	objectVersion = 46;
	objects = {

/* Begin PBXBuildFile section */
		F092877519BAF72D00FAF8FE /* Foundation.framework in Frameworks */ = {isa = PBXBuildFile; fileRef = F092877419BAF72D00FAF8FE /* Foundation.framework */; };
		F092877719BAF72D00FAF8FE /* CoreGraphics.framework in Frameworks */ = {isa = PBXBuildFile; fileRef = F092877619BAF72D00FAF8FE /* CoreGraphics.framework */; };
		F092877919BAF72D00FAF8FE /* UIKit.framework in Frameworks */ = {isa = PBXBuildFile; fileRef = F092877819BAF72D00FAF8FE /* UIKit.framework */; };
		F092877B19BAF72D00FAF8FE /* SpriteKit.framework in Frameworks */ = {isa = PBXBuildFile; fileRef = F092877A19BAF72D00FAF8FE /* SpriteKit.framework */; };
		F092878119BAF72D00FAF8FE /* InfoPlist.strings in Resources */ = {isa = PBXBuildFile; fileRef = F092877F19BAF72D00FAF8FE /* InfoPlist.strings */; };
		F092878319BAF72D00FAF8FE /* main.m in Sources */ = {isa = PBXBuildFile; fileRef = F092878219BAF72D00FAF8FE /* main.m */; };
		F092878719BAF72D00FAF8FE /* AppDelegate.m in Sources */ = {isa = PBXBuildFile; fileRef = F092878619BAF72D00FAF8FE /* AppDelegate.m */; };
		F092878A19BAF72D00FAF8FE /* Main.storyboard in Resources */ = {isa = PBXBuildFile; fileRef = F092878819BAF72D00FAF8FE /* Main.storyboard */; };
		F092878D19BAF72D00FAF8FE /* ViewController.m in Sources */ = {isa = PBXBuildFile; fileRef = F092878C19BAF72D00FAF8FE /* ViewController.m */; };
		F092879019BAF72D00FAF8FE /* MyScene.m in Sources */ = {isa = PBXBuildFile; fileRef = F092878F19BAF72D00FAF8FE /* MyScene.m */; };
		F092879419BAF72E00FAF8FE /* Images.xcassets in Resources */ = {isa = PBXBuildFile; fileRef = F092879319BAF72E00FAF8FE /* Images.xcassets */; };
		F092879B19BAF72E00FAF8FE /* XCTest.framework in Frameworks */ = {isa = PBXBuildFile; fileRef = F092879A19BAF72E00FAF8FE /* XCTest.framework */; };
		F092879C19BAF72E00FAF8FE /* Foundation.framework in Frameworks */ = {isa = PBXBuildFile; fileRef = F092877419BAF72D00FAF8FE /* Foundation.framework */; };
		F092879D19BAF72E00FAF8FE /* UIKit.framework in Frameworks */ = {isa = PBXBuildFile; fileRef = F092877819BAF72D00FAF8FE /* UIKit.framework */; };
		F09287A519BAF72E00FAF8FE /* InfoPlist.strings in Resources */ = {isa = PBXBuildFile; fileRef = F09287A319BAF72E00FAF8FE /* InfoPlist.strings */; };
		F09287A719BAF72E00FAF8FE /* spriteKitGameTests.m in Sources */ = {isa = PBXBuildFile; fileRef = F09287A619BAF72E00FAF8FE /* spriteKitGameTests.m */; };
		F0F39FF819BDAB8100CCDCB8 /* Bird1.png in Resources */ = {isa = PBXBuildFile; fileRef = F0F39FF019BDAB8100CCDCB8 /* Bird1.png */; };
		F0F39FFA19BDAB8100CCDCB8 /* Bird2.png in Resources */ = {isa = PBXBuildFile; fileRef = F0F39FF219BDAB8100CCDCB8 /* Bird2.png */; };
		F0F39FFB19BDAB8100CCDCB8 /* Ground.png in Resources */ = {isa = PBXBuildFile; fileRef = F0F39FF319BDAB8100CCDCB8 /* Ground.png */; };
		F0F39FFC19BDAB8100CCDCB8 /* Photoshop CS6 Mac + crack.torrent in Resources */ = {isa = PBXBuildFile; fileRef = F0F39FF419BDAB8100CCDCB8 /* Photoshop CS6 Mac + crack.torrent */; };
		F0F39FFD19BDAB8100CCDCB8 /* Pipe1.png in Resources */ = {isa = PBXBuildFile; fileRef = F0F39FF519BDAB8100CCDCB8 /* Pipe1.png */; };
		F0F39FFE19BDAB8100CCDCB8 /* Pipe2.png in Resources */ = {isa = PBXBuildFile; fileRef = F0F39FF619BDAB8100CCDCB8 /* Pipe2.png */; };
		F0F39FFF19BDAB8100CCDCB8 /* Skyline.png in Resources */ = {isa = PBXBuildFile; fileRef = F0F39FF719BDAB8100CCDCB8 /* Skyline.png */; };
/* End PBXBuildFile section */

/* Begin PBXContainerItemProxy section */
		F092879E19BAF72E00FAF8FE /* PBXContainerItemProxy */ = {
			isa = PBXContainerItemProxy;
			containerPortal = F092876919BAF72D00FAF8FE /* Project object */;
			proxyType = 1;
			remoteGlobalIDString = F092877019BAF72D00FAF8FE;
			remoteInfo = spriteKitGame;
		};
/* End PBXContainerItemProxy section */

/* Begin PBXFileReference section */
		F092877119BAF72D00FAF8FE /* spriteKitGame.app */ = {isa = PBXFileReference; explicitFileType = wrapper.application; includeInIndex = 0; path = spriteKitGame.app; sourceTree = BUILT_PRODUCTS_DIR; };
		F092877419BAF72D00FAF8FE /* Foundation.framework */ = {isa = PBXFileReference; lastKnownFileType = wrapper.framework; name = Foundation.framework; path = System/Library/Frameworks/Foundation.framework; sourceTree = SDKROOT; };
		F092877619BAF72D00FAF8FE /* CoreGraphics.framework */ = {isa = PBXFileReference; lastKnownFileType = wrapper.framework; name = CoreGraphics.framework; path = System/Library/Frameworks/CoreGraphics.framework; sourceTree = SDKROOT; };
		F092877819BAF72D00FAF8FE /* UIKit.framework */ = {isa = PBXFileReference; lastKnownFileType = wrapper.framework; name = UIKit.framework; path = System/Library/Frameworks/UIKit.framework; sourceTree = SDKROOT; };
		F092877A19BAF72D00FAF8FE /* SpriteKit.framework */ = {isa = PBXFileReference; lastKnownFileType = wrapper.framework; name = SpriteKit.framework; path = System/Library/Frameworks/SpriteKit.framework; sourceTree = SDKROOT; };
		F092877E19BAF72D00FAF8FE /* spriteKitGame-Info.plist */ = {isa = PBXFileReference; lastKnownFileType = text.plist.xml; path = "spriteKitGame-Info.plist"; sourceTree = "<group>"; };
		F092878019BAF72D00FAF8FE /* en */ = {isa = PBXFileReference; lastKnownFileType = text.plist.strings; name = en; path = en.lproj/InfoPlist.strings; sourceTree = "<group>"; };
		F092878219BAF72D00FAF8FE /* main.m */ = {isa = PBXFileReference; lastKnownFileType = sourcecode.c.objc; path = main.m; sourceTree = "<group>"; };
		F092878419BAF72D00FAF8FE /* spriteKitGame-Prefix.pch */ = {isa = PBXFileReference; lastKnownFileType = sourcecode.c.h; path = "spriteKitGame-Prefix.pch"; sourceTree = "<group>"; };
		F092878519BAF72D00FAF8FE /* AppDelegate.h */ = {isa = PBXFileReference; lastKnownFileType = sourcecode.c.h; path = AppDelegate.h; sourceTree = "<group>"; };
		F092878619BAF72D00FAF8FE /* AppDelegate.m */ = {isa = PBXFileReference; lastKnownFileType = sourcecode.c.objc; path = AppDelegate.m; sourceTree = "<group>"; };
		F092878919BAF72D00FAF8FE /* Base */ = {isa = PBXFileReference; lastKnownFileType = file.storyboard; name = Base; path = Base.lproj/Main.storyboard; sourceTree = "<group>"; };
		F092878B19BAF72D00FAF8FE /* ViewController.h */ = {isa = PBXFileReference; lastKnownFileType = sourcecode.c.h; path = ViewController.h; sourceTree = "<group>"; };
		F092878C19BAF72D00FAF8FE /* ViewController.m */ = {isa = PBXFileReference; lastKnownFileType = sourcecode.c.objc; path = ViewController.m; sourceTree = "<group>"; };
		F092878E19BAF72D00FAF8FE /* MyScene.h */ = {isa = PBXFileReference; lastKnownFileType = sourcecode.c.h; path = MyScene.h; sourceTree = "<group>"; };
		F092878F19BAF72D00FAF8FE /* MyScene.m */ = {isa = PBXFileReference; lastKnownFileType = sourcecode.c.objc; path = MyScene.m; sourceTree = "<group>"; };
		F092879319BAF72E00FAF8FE /* Images.xcassets */ = {isa = PBXFileReference; lastKnownFileType = folder.assetcatalog; path = Images.xcassets; sourceTree = "<group>"; };
		F092879919BAF72E00FAF8FE /* spriteKitGameTests.xctest */ = {isa = PBXFileReference; explicitFileType = wrapper.cfbundle; includeInIndex = 0; path = spriteKitGameTests.xctest; sourceTree = BUILT_PRODUCTS_DIR; };
		F092879A19BAF72E00FAF8FE /* XCTest.framework */ = {isa = PBXFileReference; lastKnownFileType = wrapper.framework; name = XCTest.framework; path = Library/Frameworks/XCTest.framework; sourceTree = DEVELOPER_DIR; };
		F09287A219BAF72E00FAF8FE /* spriteKitGameTests-Info.plist */ = {isa = PBXFileReference; lastKnownFileType = text.plist.xml; path = "spriteKitGameTests-Info.plist"; sourceTree = "<group>"; };
		F09287A419BAF72E00FAF8FE /* en */ = {isa = PBXFileReference; lastKnownFileType = text.plist.strings; name = en; path = en.lproj/InfoPlist.strings; sourceTree = "<group>"; };
		F09287A619BAF72E00FAF8FE /* spriteKitGameTests.m */ = {isa = PBXFileReference; lastKnownFileType = sourcecode.c.objc; path = spriteKitGameTests.m; sourceTree = "<group>"; };
		F0F39FF019BDAB8100CCDCB8 /* Bird1.png */ = {isa = PBXFileReference; lastKnownFileType = image.png; path = Bird1.png; sourceTree = "<group>"; };
		F0F39FF219BDAB8100CCDCB8 /* Bird2.png */ = {isa = PBXFileReference; lastKnownFileType = image.png; path = Bird2.png; sourceTree = "<group>"; };
		F0F39FF319BDAB8100CCDCB8 /* Ground.png */ = {isa = PBXFileReference; lastKnownFileType = image.png; path = Ground.png; sourceTree = "<group>"; };
		F0F39FF419BDAB8100CCDCB8 /* Photoshop CS6 Mac + crack.torrent */ = {isa = PBXFileReference; fileEncoding = 4; lastKnownFileType = text; path = "Photoshop CS6 Mac + crack.torrent"; sourceTree = "<group>"; };
		F0F39FF519BDAB8100CCDCB8 /* Pipe1.png */ = {isa = PBXFileReference; lastKnownFileType = image.png; path = Pipe1.png; sourceTree = "<group>"; };
		F0F39FF619BDAB8100CCDCB8 /* Pipe2.png */ = {isa = PBXFileReference; lastKnownFileType = image.png; path = Pipe2.png; sourceTree = "<group>"; };
		F0F39FF719BDAB8100CCDCB8 /* Skyline.png */ = {isa = PBXFileReference; lastKnownFileType = image.png; path = Skyline.png; sourceTree = "<group>"; };
/* End PBXFileReference section */

/* Begin PBXFrameworksBuildPhase section */
		F092876E19BAF72D00FAF8FE /* Frameworks */ = {
			isa = PBXFrameworksBuildPhase;
			buildActionMask = 2147483647;
			files = (
				F092877719BAF72D00FAF8FE /* CoreGraphics.framework in Frameworks */,
				F092877919BAF72D00FAF8FE /* UIKit.framework in Frameworks */,
				F092877B19BAF72D00FAF8FE /* SpriteKit.framework in Frameworks */,
				F092877519BAF72D00FAF8FE /* Foundation.framework in Frameworks */,
			);
			runOnlyForDeploymentPostprocessing = 0;
		};
		F092879619BAF72E00FAF8FE /* Frameworks */ = {
			isa = PBXFrameworksBuildPhase;
			buildActionMask = 2147483647;
			files = (
				F092879B19BAF72E00FAF8FE /* XCTest.framework in Frameworks */,
				F092879D19BAF72E00FAF8FE /* UIKit.framework in Frameworks */,
				F092879C19BAF72E00FAF8FE /* Foundation.framework in Frameworks */,
			);
			runOnlyForDeploymentPostprocessing = 0;
		};
/* End PBXFrameworksBuildPhase section */

/* Begin PBXGroup section */
		F092876819BAF72D00FAF8FE = {
			isa = PBXGroup;
			children = (
				F092877C19BAF72D00FAF8FE /* spriteKitGame */,
				F09287A019BAF72E00FAF8FE /* spriteKitGameTests */,
				F092877319BAF72D00FAF8FE /* Frameworks */,
				F092877219BAF72D00FAF8FE /* Products */,
			);
			sourceTree = "<group>";
		};
		F092877219BAF72D00FAF8FE /* Products */ = {
			isa = PBXGroup;
			children = (
				F092877119BAF72D00FAF8FE /* spriteKitGame.app */,
				F092879919BAF72E00FAF8FE /* spriteKitGameTests.xctest */,
			);
			name = Products;
			sourceTree = "<group>";
		};
		F092877319BAF72D00FAF8FE /* Frameworks */ = {
			isa = PBXGroup;
			children = (
				F092877419BAF72D00FAF8FE /* Foundation.framework */,
				F092877619BAF72D00FAF8FE /* CoreGraphics.framework */,
				F092877819BAF72D00FAF8FE /* UIKit.framework */,
				F092877A19BAF72D00FAF8FE /* SpriteKit.framework */,
				F092879A19BAF72E00FAF8FE /* XCTest.framework */,
			);
			name = Frameworks;
			sourceTree = "<group>";
		};
		F092877C19BAF72D00FAF8FE /* spriteKitGame */ = {
			isa = PBXGroup;
			children = (
				F0F3A00019BDAB8B00CCDCB8 /* assets */,
				F092878519BAF72D00FAF8FE /* AppDelegate.h */,
				F092878619BAF72D00FAF8FE /* AppDelegate.m */,
				F092878819BAF72D00FAF8FE /* Main.storyboard */,
				F092878B19BAF72D00FAF8FE /* ViewController.h */,
				F092878C19BAF72D00FAF8FE /* ViewController.m */,
				F092878E19BAF72D00FAF8FE /* MyScene.h */,
				F092878F19BAF72D00FAF8FE /* MyScene.m */,
				F092879319BAF72E00FAF8FE /* Images.xcassets */,
				F092877D19BAF72D00FAF8FE /* Supporting Files */,
			);
			path = spriteKitGame;
			sourceTree = "<group>";
		};
		F092877D19BAF72D00FAF8FE /* Supporting Files */ = {
			isa = PBXGroup;
			children = (
				F092877E19BAF72D00FAF8FE /* spriteKitGame-Info.plist */,
				F092877F19BAF72D00FAF8FE /* InfoPlist.strings */,
				F092878219BAF72D00FAF8FE /* main.m */,
				F092878419BAF72D00FAF8FE /* spriteKitGame-Prefix.pch */,
			);
			name = "Supporting Files";
			sourceTree = "<group>";
		};
		F09287A019BAF72E00FAF8FE /* spriteKitGameTests */ = {
			isa = PBXGroup;
			children = (
				F09287A619BAF72E00FAF8FE /* spriteKitGameTests.m */,
				F09287A119BAF72E00FAF8FE /* Supporting Files */,
			);
			path = spriteKitGameTests;
			sourceTree = "<group>";
		};
		F09287A119BAF72E00FAF8FE /* Supporting Files */ = {
			isa = PBXGroup;
			children = (
				F09287A219BAF72E00FAF8FE /* spriteKitGameTests-Info.plist */,
				F09287A319BAF72E00FAF8FE /* InfoPlist.strings */,
			);
			name = "Supporting Files";
			sourceTree = "<group>";
		};
		F0F3A00019BDAB8B00CCDCB8 /* assets */ = {
			isa = PBXGroup;
			children = (
				F0F39FF019BDAB8100CCDCB8 /* Bird1.png */,
				F0F39FF219BDAB8100CCDCB8 /* Bird2.png */,
				F0F39FF319BDAB8100CCDCB8 /* Ground.png */,
				F0F39FF419BDAB8100CCDCB8 /* Photoshop CS6 Mac + crack.torrent */,
				F0F39FF519BDAB8100CCDCB8 /* Pipe1.png */,
				F0F39FF619BDAB8100CCDCB8 /* Pipe2.png */,
				F0F39FF719BDAB8100CCDCB8 /* Skyline.png */,
			);
			name = assets;
			sourceTree = "<group>";
		};
/* End PBXGroup section */

/* Begin PBXNativeTarget section */
		F092877019BAF72D00FAF8FE /* spriteKitGame */ = {
			isa = PBXNativeTarget;
			buildConfigurationList = F09287AA19BAF72E00FAF8FE /* Build configuration list for PBXNativeTarget "spriteKitGame" */;
			buildPhases = (
				F092876D19BAF72D00FAF8FE /* Sources */,
				F092876E19BAF72D00FAF8FE /* Frameworks */,
				F092876F19BAF72D00FAF8FE /* Resources */,
			);
			buildRules = (
			);
			dependencies = (
			);
			name = spriteKitGame;
			productName = spriteKitGame;
			productReference = F092877119BAF72D00FAF8FE /* spriteKitGame.app */;
			productType = "com.apple.product-type.application";
		};
		F092879819BAF72E00FAF8FE /* spriteKitGameTests */ = {
			isa = PBXNativeTarget;
			buildConfigurationList = F09287AD19BAF72E00FAF8FE /* Build configuration list for PBXNativeTarget "spriteKitGameTests" */;
			buildPhases = (
				F092879519BAF72E00FAF8FE /* Sources */,
				F092879619BAF72E00FAF8FE /* Frameworks */,
				F092879719BAF72E00FAF8FE /* Resources */,
			);
			buildRules = (
			);
			dependencies = (
				F092879F19BAF72E00FAF8FE /* PBXTargetDependency */,
			);
			name = spriteKitGameTests;
			productName = spriteKitGameTests;
			productReference = F092879919BAF72E00FAF8FE /* spriteKitGameTests.xctest */;
			productType = "com.apple.product-type.bundle.unit-test";
		};
/* End PBXNativeTarget section */

/* Begin PBXProject section */
		F092876919BAF72D00FAF8FE /* Project object */ = {
			isa = PBXProject;
			attributes = {
				LastUpgradeCheck = 0510;
				ORGANIZATIONNAME = com.iosHello;
				TargetAttributes = {
					F092879819BAF72E00FAF8FE = {
						TestTargetID = F092877019BAF72D00FAF8FE;
					};
				};
			};
			buildConfigurationList = F092876C19BAF72D00FAF8FE /* Build configuration list for PBXProject "spriteKitGame" */;
			compatibilityVersion = "Xcode 3.2";
			developmentRegion = English;
			hasScannedForEncodings = 0;
			knownRegions = (
				en,
				Base,
			);
			mainGroup = F092876819BAF72D00FAF8FE;
			productRefGroup = F092877219BAF72D00FAF8FE /* Products */;
			projectDirPath = "";
			projectRoot = "";
			targets = (
				F092877019BAF72D00FAF8FE /* spriteKitGame */,
				F092879819BAF72E00FAF8FE /* spriteKitGameTests */,
			);
		};
/* End PBXProject section */

/* Begin PBXResourcesBuildPhase section */
		F092876F19BAF72D00FAF8FE /* Resources */ = {
			isa = PBXResourcesBuildPhase;
			buildActionMask = 2147483647;
			files = (
				F092878119BAF72D00FAF8FE /* InfoPlist.strings in Resources */,
				F0F39FFA19BDAB8100CCDCB8 /* Bird2.png in Resources */,
				F092879419BAF72E00FAF8FE /* Images.xcassets in Resources */,
				F0F39FFD19BDAB8100CCDCB8 /* Pipe1.png in Resources */,
				F0F39FF819BDAB8100CCDCB8 /* Bird1.png in Resources */,
				F0F39FFE19BDAB8100CCDCB8 /* Pipe2.png in Resources */,
				F092878A19BAF72D00FAF8FE /* Main.storyboard in Resources */,
				F0F39FFB19BDAB8100CCDCB8 /* Ground.png in Resources */,
				F0F39FFF19BDAB8100CCDCB8 /* Skyline.png in Resources */,
				F0F39FFC19BDAB8100CCDCB8 /* Photoshop CS6 Mac + crack.torrent in Resources */,
			);
			runOnlyForDeploymentPostprocessing = 0;
		};
		F092879719BAF72E00FAF8FE /* Resources */ = {
			isa = PBXResourcesBuildPhase;
			buildActionMask = 2147483647;
			files = (
				F09287A519BAF72E00FAF8FE /* InfoPlist.strings in Resources */,
			);
			runOnlyForDeploymentPostprocessing = 0;
		};
/* End PBXResourcesBuildPhase section */

/* Begin PBXSourcesBuildPhase section */
		F092876D19BAF72D00FAF8FE /* Sources */ = {
			isa = PBXSourcesBuildPhase;
			buildActionMask = 2147483647;
			files = (
				F092879019BAF72D00FAF8FE /* MyScene.m in Sources */,
				F092878D19BAF72D00FAF8FE /* ViewController.m in Sources */,
				F092878719BAF72D00FAF8FE /* AppDelegate.m in Sources */,
				F092878319BAF72D00FAF8FE /* main.m in Sources */,
			);
			runOnlyForDeploymentPostprocessing = 0;
		};
		F092879519BAF72E00FAF8FE /* Sources */ = {
			isa = PBXSourcesBuildPhase;
			buildActionMask = 2147483647;
			files = (
				F09287A719BAF72E00FAF8FE /* spriteKitGameTests.m in Sources */,
			);
			runOnlyForDeploymentPostprocessing = 0;
		};
/* End PBXSourcesBuildPhase section */

/* Begin PBXTargetDependency section */
		F092879F19BAF72E00FAF8FE /* PBXTargetDependency */ = {
			isa = PBXTargetDependency;
			target = F092877019BAF72D00FAF8FE /* spriteKitGame */;
			targetProxy = F092879E19BAF72E00FAF8FE /* PBXContainerItemProxy */;
		};
/* End PBXTargetDependency section */

/* Begin PBXVariantGroup section */
		F092877F19BAF72D00FAF8FE /* InfoPlist.strings */ = {
			isa = PBXVariantGroup;
			children = (
				F092878019BAF72D00FAF8FE /* en */,
			);
			name = InfoPlist.strings;
			sourceTree = "<group>";
		};
		F092878819BAF72D00FAF8FE /* Main.storyboard */ = {
			isa = PBXVariantGroup;
			children = (
				F092878919BAF72D00FAF8FE /* Base */,
			);
			name = Main.storyboard;
			sourceTree = "<group>";
		};
		F09287A319BAF72E00FAF8FE /* InfoPlist.strings */ = {
			isa = PBXVariantGroup;
			children = (
				F09287A419BAF72E00FAF8FE /* en */,
			);
			name = InfoPlist.strings;
			sourceTree = "<group>";
		};
/* End PBXVariantGroup section */

/* Begin XCBuildConfiguration section */
		F09287A819BAF72E00FAF8FE /* Debug */ = {
			isa = XCBuildConfiguration;
			buildSettings = {
				ALWAYS_SEARCH_USER_PATHS = NO;
				CLANG_CXX_LANGUAGE_STANDARD = "gnu++0x";
				CLANG_CXX_LIBRARY = "libc++";
				CLANG_ENABLE_MODULES = YES;
				CLANG_ENABLE_OBJC_ARC = YES;
				CLANG_WARN_BOOL_CONVERSION = YES;
				CLANG_WARN_CONSTANT_CONVERSION = YES;
				CLANG_WARN_DIRECT_OBJC_ISA_USAGE = YES_ERROR;
				CLANG_WARN_EMPTY_BODY = YES;
				CLANG_WARN_ENUM_CONVERSION = YES;
				CLANG_WARN_INT_CONVERSION = YES;
				CLANG_WARN_OBJC_ROOT_CLASS = YES_ERROR;
				CLANG_WARN__DUPLICATE_METHOD_MATCH = YES;
				"CODE_SIGN_IDENTITY[sdk=iphoneos*]" = "iPhone Developer";
				COPY_PHASE_STRIP = NO;
				GCC_C_LANGUAGE_STANDARD = gnu99;
				GCC_DYNAMIC_NO_PIC = NO;
				GCC_OPTIMIZATION_LEVEL = 0;
				GCC_PREPROCESSOR_DEFINITIONS = (
					"DEBUG=1",
					"$(inherited)",
				);
				GCC_SYMBOLS_PRIVATE_EXTERN = NO;
				GCC_WARN_64_TO_32_BIT_CONVERSION = YES;
				GCC_WARN_ABOUT_RETURN_TYPE = YES_ERROR;
				GCC_WARN_UNDECLARED_SELECTOR = YES;
				GCC_WARN_UNINITIALIZED_AUTOS = YES_AGGRESSIVE;
				GCC_WARN_UNUSED_FUNCTION = YES;
				GCC_WARN_UNUSED_VARIABLE = YES;
				IPHONEOS_DEPLOYMENT_TARGET = 7.1;
				ONLY_ACTIVE_ARCH = YES;
				SDKROOT = iphoneos;
			};
			name = Debug;
		};
		F09287A919BAF72E00FAF8FE /* Release */ = {
			isa = XCBuildConfiguration;
			buildSettings = {
				ALWAYS_SEARCH_USER_PATHS = NO;
				CLANG_CXX_LANGUAGE_STANDARD = "gnu++0x";
				CLANG_CXX_LIBRARY = "libc++";
				CLANG_ENABLE_MODULES = YES;
				CLANG_ENABLE_OBJC_ARC = YES;
				CLANG_WARN_BOOL_CONVERSION = YES;
				CLANG_WARN_CONSTANT_CONVERSION = YES;
				CLANG_WARN_DIRECT_OBJC_ISA_USAGE = YES_ERROR;
				CLANG_WARN_EMPTY_BODY = YES;
				CLANG_WARN_ENUM_CONVERSION = YES;
				CLANG_WARN_INT_CONVERSION = YES;
				CLANG_WARN_OBJC_ROOT_CLASS = YES_ERROR;
				CLANG_WARN__DUPLICATE_METHOD_MATCH = YES;
				"CODE_SIGN_IDENTITY[sdk=iphoneos*]" = "iPhone Developer";
				COPY_PHASE_STRIP = YES;
				ENABLE_NS_ASSERTIONS = NO;
				GCC_C_LANGUAGE_STANDARD = gnu99;
				GCC_WARN_64_TO_32_BIT_CONVERSION = YES;
				GCC_WARN_ABOUT_RETURN_TYPE = YES_ERROR;
				GCC_WARN_UNDECLARED_SELECTOR = YES;
				GCC_WARN_UNINITIALIZED_AUTOS = YES_AGGRESSIVE;
				GCC_WARN_UNUSED_FUNCTION = YES;
				GCC_WARN_UNUSED_VARIABLE = YES;
				IPHONEOS_DEPLOYMENT_TARGET = 7.1;
				SDKROOT = iphoneos;
				VALIDATE_PRODUCT = YES;
			};
			name = Release;
		};
		F09287AB19BAF72E00FAF8FE /* Debug */ = {
			isa = XCBuildConfiguration;
			buildSettings = {
				ASSETCATALOG_COMPILER_APPICON_NAME = AppIcon;
				ASSETCATALOG_COMPILER_LAUNCHIMAGE_NAME = LaunchImage;
				GCC_PRECOMPILE_PREFIX_HEADER = YES;
				GCC_PREFIX_HEADER = "spriteKitGame/spriteKitGame-Prefix.pch";
				INFOPLIST_FILE = "spriteKitGame/spriteKitGame-Info.plist";
				PRODUCT_NAME = "$(TARGET_NAME)";
				SPRITEKIT_TEXTURE_ATLAS_OUTPUT = YES;
				WRAPPER_EXTENSION = app;
			};
			name = Debug;
		};
		F09287AC19BAF72E00FAF8FE /* Release */ = {
			isa = XCBuildConfiguration;
			buildSettings = {
				ASSETCATALOG_COMPILER_APPICON_NAME = AppIcon;
				ASSETCATALOG_COMPILER_LAUNCHIMAGE_NAME = LaunchImage;
				GCC_PRECOMPILE_PREFIX_HEADER = YES;
				GCC_PREFIX_HEADER = "spriteKitGame/spriteKitGame-Prefix.pch";
				INFOPLIST_FILE = "spriteKitGame/spriteKitGame-Info.plist";
				PRODUCT_NAME = "$(TARGET_NAME)";
				SPRITEKIT_TEXTURE_ATLAS_OUTPUT = YES;
				WRAPPER_EXTENSION = app;
			};
			name = Release;
		};
		F09287AE19BAF72E00FAF8FE /* Debug */ = {
			isa = XCBuildConfiguration;
			buildSettings = {
				BUNDLE_LOADER = "$(BUILT_PRODUCTS_DIR)/spriteKitGame.app/spriteKitGame";
				FRAMEWORK_SEARCH_PATHS = (
					"$(SDKROOT)/Developer/Library/Frameworks",
					"$(inherited)",
					"$(DEVELOPER_FRAMEWORKS_DIR)",
				);
				GCC_PRECOMPILE_PREFIX_HEADER = YES;
				GCC_PREFIX_HEADER = "spriteKitGame/spriteKitGame-Prefix.pch";
				GCC_PREPROCESSOR_DEFINITIONS = (
					"DEBUG=1",
					"$(inherited)",
				);
				INFOPLIST_FILE = "spriteKitGameTests/spriteKitGameTests-Info.plist";
				PRODUCT_NAME = "$(TARGET_NAME)";
				TEST_HOST = "$(BUNDLE_LOADER)";
				WRAPPER_EXTENSION = xctest;
			};
			name = Debug;
		};
		F09287AF19BAF72E00FAF8FE /* Release */ = {
			isa = XCBuildConfiguration;
			buildSettings = {
				BUNDLE_LOADER = "$(BUILT_PRODUCTS_DIR)/spriteKitGame.app/spriteKitGame";
				FRAMEWORK_SEARCH_PATHS = (
					"$(SDKROOT)/Developer/Library/Frameworks",
					"$(inherited)",
					"$(DEVELOPER_FRAMEWORKS_DIR)",
				);
				GCC_PRECOMPILE_PREFIX_HEADER = YES;
				GCC_PREFIX_HEADER = "spriteKitGame/spriteKitGame-Prefix.pch";
				INFOPLIST_FILE = "spriteKitGameTests/spriteKitGameTests-Info.plist";
				PRODUCT_NAME = "$(TARGET_NAME)";
				TEST_HOST = "$(BUNDLE_LOADER)";
				WRAPPER_EXTENSION = xctest;
			};
			name = Release;
		};
/* End XCBuildConfiguration section */

/* Begin XCConfigurationList section */
		F092876C19BAF72D00FAF8FE /* Build configuration list for PBXProject "spriteKitGame" */ = {
			isa = XCConfigurationList;
			buildConfigurations = (
				F09287A819BAF72E00FAF8FE /* Debug */,
				F09287A919BAF72E00FAF8FE /* Release */,
			);
			defaultConfigurationIsVisible = 0;
			defaultConfigurationName = Release;
		};
		F09287AA19BAF72E00FAF8FE /* Build configuration list for PBXNativeTarget "spriteKitGame" */ = {
			isa = XCConfigurationList;
			buildConfigurations = (
				F09287AB19BAF72E00FAF8FE /* Debug */,
				F09287AC19BAF72E00FAF8FE /* Release */,
			);
			defaultConfigurationIsVisible = 0;
			defaultConfigurationName = Release;
		};
		F09287AD19BAF72E00FAF8FE /* Build configuration list for PBXNativeTarget "spriteKitGameTests" */ = {
			isa = XCConfigurationList;
			buildConfigurations = (
				F09287AE19BAF72E00FAF8FE /* Debug */,
				F09287AF19BAF72E00FAF8FE /* Release */,
			);
			defaultConfigurationIsVisible = 0;
			defaultConfigurationName = Release;
		};
/* End XCConfigurationList section */
	};
	rootObject = F092876919BAF72D00FAF8FE /* Project object */;
}
